
Microsoft Visual Studio Solution File, Format Version 12.00
# Visual Studio Version 16
VisualStudioVersion = 16.0.30717.126
MinimumVisualStudioVersion = 10.0.40219.1
Project("{FAE04EC0-301F-11D3-BF4B-00C04F79EFBC}") = "ProyectoFinal", "ProyectoFinal\ProyectoFinal.csproj", "{43E0FAA5-0BCB-45DF-A65D-5E58CF72EC8C}"
EndProject
Global
	GlobalSection(SolutionConfigurationPlatforms) = preSolution
		Debug|Any CPU = Debug|Any CPU
		Release|Any CPU = Release|Any CPU
	EndGlobalSection
	GlobalSection(ProjectConfigurationPlatforms) = postSolution
		{43E0FAA5-0BCB-45DF-A65D-5E58CF72EC8C}.Debug|Any CPU.ActiveCfg = Debug|Any CPU
		{43E0FAA5-0BCB-45DF-A65D-5E58CF72EC8C}.Debug|Any CPU.Build.0 = Debug|Any CPU
		{43E0FAA5-0BCB-45DF-A65D-5E58CF72EC8C}.Release|Any CPU.ActiveCfg = Release|Any CPU
		{43E0FAA5-0BCB-45DF-A65D-5E58CF72EC8C}.Release|Any CPU.Build.0 = Release|Any CPU
	EndGlobalSection
	GlobalSection(SolutionProperties) = preSolution
		HideSolutionNode = FALSE
	EndGlobalSection
	GlobalSection(ExtensibilityGlobals) = postSolution
		SolutionGuid = {86252390-16AA-4FCE-8596-DA0D77F91760}
	EndGlobalSection
EndGlobal
